// !$*UTF8*$!
{
	archiveVersion = 1;
	classes = {
	};
	objectVersion = 55;
	objects = {

/* Begin PBXBuildFile section */
		4EFD5BB3B3CD3C05F421D325 /* Pods_Wundercast_Advanced_RxSwift.framework in Frameworks */ = {isa = PBXBuildFile; fileRef = 5DCB88BFCF6DE4177900CA37 /* Pods_Wundercast_Advanced_RxSwift.framework */; };
		ED50047E274FB6D600A78B10 /* AppDelegate.swift in Sources */ = {isa = PBXBuildFile; fileRef = ED50047D274FB6D600A78B10 /* AppDelegate.swift */; };
		ED500480274FB6D600A78B10 /* SceneDelegate.swift in Sources */ = {isa = PBXBuildFile; fileRef = ED50047F274FB6D600A78B10 /* SceneDelegate.swift */; };
		ED500482274FB6D600A78B10 /* ViewController.swift in Sources */ = {isa = PBXBuildFile; fileRef = ED500481274FB6D600A78B10 /* ViewController.swift */; };
		ED500485274FB6D600A78B10 /* Main.storyboard in Resources */ = {isa = PBXBuildFile; fileRef = ED500483274FB6D600A78B10 /* Main.storyboard */; };
		ED500487274FB6D800A78B10 /* Assets.xcassets in Resources */ = {isa = PBXBuildFile; fileRef = ED500486274FB6D800A78B10 /* Assets.xcassets */; };
		ED50048A274FB6D800A78B10 /* LaunchScreen.storyboard in Resources */ = {isa = PBXBuildFile; fileRef = ED500488274FB6D800A78B10 /* LaunchScreen.storyboard */; };
		ED500496274FB80800A78B10 /* weather.ttf in Resources */ = {isa = PBXBuildFile; fileRef = ED500495274FB80800A78B10 /* weather.ttf */; };
		ED500498274FB81C00A78B10 /* Colors.swift in Sources */ = {isa = PBXBuildFile; fileRef = ED500497274FB81C00A78B10 /* Colors.swift */; };
		ED50049A274FB87900A78B10 /* Appearance.swift in Sources */ = {isa = PBXBuildFile; fileRef = ED500499274FB87900A78B10 /* Appearance.swift */; };
		ED50049C274FBE5B00A78B10 /* CLLocationManager+Rx.swift in Sources */ = {isa = PBXBuildFile; fileRef = ED50049B274FBE5B00A78B10 /* CLLocationManager+Rx.swift */; };
		ED50049E274FBFC100A78B10 /* MKMapView+Rx.swift in Sources */ = {isa = PBXBuildFile; fileRef = ED50049D274FBFC100A78B10 /* MKMapView+Rx.swift */; };
		ED5004A0274FC20400A78B10 /* APIController.swift in Sources */ = {isa = PBXBuildFile; fileRef = ED50049F274FC20400A78B10 /* APIController.swift */; };
/* End PBXBuildFile section */

/* Begin PBXFileReference section */
		5DCB88BFCF6DE4177900CA37 /* Pods_Wundercast_Advanced_RxSwift.framework */ = {isa = PBXFileReference; explicitFileType = wrapper.framework; includeInIndex = 0; path = Pods_Wundercast_Advanced_RxSwift.framework; sourceTree = BUILT_PRODUCTS_DIR; };
		E5E08A21ADE1B3393BB0A932 /* Pods-Wundercast-Advanced-RxSwift.release.xcconfig */ = {isa = PBXFileReference; includeInIndex = 1; lastKnownFileType = text.xcconfig; name = "Pods-Wundercast-Advanced-RxSwift.release.xcconfig"; path = "Target Support Files/Pods-Wundercast-Advanced-RxSwift/Pods-Wundercast-Advanced-RxSwift.release.xcconfig"; sourceTree = "<group>"; };
		ED50047A274FB6D600A78B10 /* Wundercast-Advanced-RxSwift.app */ = {isa = PBXFileReference; explicitFileType = wrapper.application; includeInIndex = 0; path = "Wundercast-Advanced-RxSwift.app"; sourceTree = BUILT_PRODUCTS_DIR; };
		ED50047D274FB6D600A78B10 /* AppDelegate.swift */ = {isa = PBXFileReference; lastKnownFileType = sourcecode.swift; path = AppDelegate.swift; sourceTree = "<group>"; };
		ED50047F274FB6D600A78B10 /* SceneDelegate.swift */ = {isa = PBXFileReference; lastKnownFileType = sourcecode.swift; path = SceneDelegate.swift; sourceTree = "<group>"; };
		ED500481274FB6D600A78B10 /* ViewController.swift */ = {isa = PBXFileReference; lastKnownFileType = sourcecode.swift; path = ViewController.swift; sourceTree = "<group>"; };
		ED500484274FB6D600A78B10 /* Base */ = {isa = PBXFileReference; lastKnownFileType = file.storyboard; name = Base; path = Base.lproj/Main.storyboard; sourceTree = "<group>"; };
		ED500486274FB6D800A78B10 /* Assets.xcassets */ = {isa = PBXFileReference; lastKnownFileType = folder.assetcatalog; path = Assets.xcassets; sourceTree = "<group>"; };
		ED500489274FB6D800A78B10 /* Base */ = {isa = PBXFileReference; lastKnownFileType = file.storyboard; name = Base; path = Base.lproj/LaunchScreen.storyboard; sourceTree = "<group>"; };
		ED50048B274FB6D800A78B10 /* Info.plist */ = {isa = PBXFileReference; lastKnownFileType = text.plist.xml; path = Info.plist; sourceTree = "<group>"; };
		ED500495274FB80800A78B10 /* weather.ttf */ = {isa = PBXFileReference; lastKnownFileType = file; path = weather.ttf; sourceTree = "<group>"; };
		ED500497274FB81C00A78B10 /* Colors.swift */ = {isa = PBXFileReference; lastKnownFileType = sourcecode.swift; path = Colors.swift; sourceTree = "<group>"; };
		ED500499274FB87900A78B10 /* Appearance.swift */ = {isa = PBXFileReference; lastKnownFileType = sourcecode.swift; path = Appearance.swift; sourceTree = "<group>"; };
		ED50049B274FBE5B00A78B10 /* CLLocationManager+Rx.swift */ = {isa = PBXFileReference; lastKnownFileType = sourcecode.swift; path = "CLLocationManager+Rx.swift"; sourceTree = "<group>"; };
		ED50049D274FBFC100A78B10 /* MKMapView+Rx.swift */ = {isa = PBXFileReference; lastKnownFileType = sourcecode.swift; path = "MKMapView+Rx.swift"; sourceTree = "<group>"; };
		ED50049F274FC20400A78B10 /* APIController.swift */ = {isa = PBXFileReference; lastKnownFileType = sourcecode.swift; path = APIController.swift; sourceTree = "<group>"; };
		F15E1B61D53393401A048D14 /* Pods-Wundercast-Advanced-RxSwift.debug.xcconfig */ = {isa = PBXFileReference; includeInIndex = 1; lastKnownFileType = text.xcconfig; name = "Pods-Wundercast-Advanced-RxSwift.debug.xcconfig"; path = "Target Support Files/Pods-Wundercast-Advanced-RxSwift/Pods-Wundercast-Advanced-RxSwift.debug.xcconfig"; sourceTree = "<group>"; };
/* End PBXFileReference section */

/* Begin PBXFrameworksBuildPhase section */
		ED500477274FB6D600A78B10 /* Frameworks */ = {
			isa = PBXFrameworksBuildPhase;
			buildActionMask = 2147483647;
			files = (
				4EFD5BB3B3CD3C05F421D325 /* Pods_Wundercast_Advanced_RxSwift.framework in Frameworks */,
			);
			runOnlyForDeploymentPostprocessing = 0;
		};
/* End PBXFrameworksBuildPhase section */

/* Begin PBXGroup section */
		4F72B71F4B00A9E9622AF27F /* Pods */ = {
			isa = PBXGroup;
			children = (
				F15E1B61D53393401A048D14 /* Pods-Wundercast-Advanced-RxSwift.debug.xcconfig */,
				E5E08A21ADE1B3393BB0A932 /* Pods-Wundercast-Advanced-RxSwift.release.xcconfig */,
			);
			path = Pods;
			sourceTree = "<group>";
		};
		54CC5B7A7500F958907B7597 /* Frameworks */ = {
			isa = PBXGroup;
			children = (
				5DCB88BFCF6DE4177900CA37 /* Pods_Wundercast_Advanced_RxSwift.framework */,
			);
			name = Frameworks;
			sourceTree = "<group>";
		};
		ED500471274FB6D600A78B10 = {
			isa = PBXGroup;
			children = (
				ED50047C274FB6D600A78B10 /* Wundercast-Advanced-RxSwift */,
				ED50047B274FB6D600A78B10 /* Products */,
				4F72B71F4B00A9E9622AF27F /* Pods */,
				54CC5B7A7500F958907B7597 /* Frameworks */,
			);
			sourceTree = "<group>";
		};
		ED50047B274FB6D600A78B10 /* Products */ = {
			isa = PBXGroup;
			children = (
				ED50047A274FB6D600A78B10 /* Wundercast-Advanced-RxSwift.app */,
			);
			name = Products;
			sourceTree = "<group>";
		};
		ED50047C274FB6D600A78B10 /* Wundercast-Advanced-RxSwift */ = {
			isa = PBXGroup;
			children = (
				ED500494274FB7E800A78B10 /* Utils */,
				ED500493274FB7E100A78B10 /* Extensions */,
				ED500492274FB7DE00A78B10 /* Controllers */,
				ED500491274FB7D900A78B10 /* Assets */,
				ED50047D274FB6D600A78B10 /* AppDelegate.swift */,
				ED50047F274FB6D600A78B10 /* SceneDelegate.swift */,
				ED500481274FB6D600A78B10 /* ViewController.swift */,
				ED500483274FB6D600A78B10 /* Main.storyboard */,
				ED500486274FB6D800A78B10 /* Assets.xcassets */,
				ED500488274FB6D800A78B10 /* LaunchScreen.storyboard */,
				ED50048B274FB6D800A78B10 /* Info.plist */,
			);
			path = "Wundercast-Advanced-RxSwift";
			sourceTree = "<group>";
		};
		ED500491274FB7D900A78B10 /* Assets */ = {
			isa = PBXGroup;
			children = (
				ED500495274FB80800A78B10 /* weather.ttf */,
			);
			path = Assets;
			sourceTree = "<group>";
		};
		ED500492274FB7DE00A78B10 /* Controllers */ = {
			isa = PBXGroup;
			children = (
				ED50049F274FC20400A78B10 /* APIController.swift */,
			);
			path = Controllers;
			sourceTree = "<group>";
		};
		ED500493274FB7E100A78B10 /* Extensions */ = {
			isa = PBXGroup;
			children = (
				ED50049B274FBE5B00A78B10 /* CLLocationManager+Rx.swift */,
				ED50049D274FBFC100A78B10 /* MKMapView+Rx.swift */,
			);
			path = Extensions;
			sourceTree = "<group>";
		};
		ED500494274FB7E800A78B10 /* Utils */ = {
			isa = PBXGroup;
			children = (
				ED500497274FB81C00A78B10 /* Colors.swift */,
				ED500499274FB87900A78B10 /* Appearance.swift */,
			);
			path = Utils;
			sourceTree = "<group>";
		};
/* End PBXGroup section */

/* Begin PBXNativeTarget section */
		ED500479274FB6D600A78B10 /* Wundercast-Advanced-RxSwift */ = {
			isa = PBXNativeTarget;
			buildConfigurationList = ED50048E274FB6D800A78B10 /* Build configuration list for PBXNativeTarget "Wundercast-Advanced-RxSwift" */;
			buildPhases = (
				D7A695DCD3CFA97B408D47A3 /* [CP] Check Pods Manifest.lock */,
				ED500476274FB6D600A78B10 /* Sources */,
				ED500477274FB6D600A78B10 /* Frameworks */,
				ED500478274FB6D600A78B10 /* Resources */,
				B9F21229FE3CD73B1DB05DB9 /* [CP] Embed Pods Frameworks */,
			);
			buildRules = (
			);
			dependencies = (
			);
			name = "Wundercast-Advanced-RxSwift";
			productName = "Wundercast-Advanced-RxSwift";
			productReference = ED50047A274FB6D600A78B10 /* Wundercast-Advanced-RxSwift.app */;
			productType = "com.apple.product-type.application";
		};
/* End PBXNativeTarget section */

/* Begin PBXProject section */
		ED500472274FB6D600A78B10 /* Project object */ = {
			isa = PBXProject;
			attributes = {
				BuildIndependentTargetsInParallel = 1;
				LastSwiftUpdateCheck = 1310;
				LastUpgradeCheck = 1310;
				TargetAttributes = {
					ED500479274FB6D600A78B10 = {
						CreatedOnToolsVersion = 13.1;
					};
				};
			};
			buildConfigurationList = ED500475274FB6D600A78B10 /* Build configuration list for PBXProject "Wundercast-Advanced-RxSwift" */;
			compatibilityVersion = "Xcode 13.0";
			developmentRegion = en;
			hasScannedForEncodings = 0;
			knownRegions = (
				en,
				Base,
			);
			mainGroup = ED500471274FB6D600A78B10;
			productRefGroup = ED50047B274FB6D600A78B10 /* Products */;
			projectDirPath = "";
			projectRoot = "";
			targets = (
				ED500479274FB6D600A78B10 /* Wundercast-Advanced-RxSwift */,
			);
		};
/* End PBXProject section */

/* Begin PBXResourcesBuildPhase section */
		ED500478274FB6D600A78B10 /* Resources */ = {
			isa = PBXResourcesBuildPhase;
			buildActionMask = 2147483647;
			files = (
				ED50048A274FB6D800A78B10 /* LaunchScreen.storyboard in Resources */,
				ED500487274FB6D800A78B10 /* Assets.xcassets in Resources */,
				ED500485274FB6D600A78B10 /* Main.storyboard in Resources */,
				ED500496274FB80800A78B10 /* weather.ttf in Resources */,
			);
			runOnlyForDeploymentPostprocessing = 0;
		};
/* End PBXResourcesBuildPhase section */

/* Begin PBXShellScriptBuildPhase section */
		B9F21229FE3CD73B1DB05DB9 /* [CP] Embed Pods Frameworks */ = {
			isa = PBXShellScriptBuildPhase;
			buildActionMask = 2147483647;
			files = (
			);
			inputFileListPaths = (
				"${PODS_ROOT}/Target Support Files/Pods-Wundercast-Advanced-RxSwift/Pods-Wundercast-Advanced-RxSwift-frameworks-${CONFIGURATION}-input-files.xcfilelist",
			);
			name = "[CP] Embed Pods Frameworks";
			outputFileListPaths = (
				"${PODS_ROOT}/Target Support Files/Pods-Wundercast-Advanced-RxSwift/Pods-Wundercast-Advanced-RxSwift-frameworks-${CONFIGURATION}-output-files.xcfilelist",
			);
			runOnlyForDeploymentPostprocessing = 0;
			shellPath = /bin/sh;
			shellScript = "\"${PODS_ROOT}/Target Support Files/Pods-Wundercast-Advanced-RxSwift/Pods-Wundercast-Advanced-RxSwift-frameworks.sh\"\n";
			showEnvVarsInLog = 0;
		};
		D7A695DCD3CFA97B408D47A3 /* [CP] Check Pods Manifest.lock */ = {
			isa = PBXShellScriptBuildPhase;
			buildActionMask = 2147483647;
			files = (
			);
			inputFileListPaths = (
			);
			inputPaths = (
				"${PODS_PODFILE_DIR_PATH}/Podfile.lock",
				"${PODS_ROOT}/Manifest.lock",
			);
			name = "[CP] Check Pods Manifest.lock";
			outputFileListPaths = (
			);
			outputPaths = (
				"$(DERIVED_FILE_DIR)/Pods-Wundercast-Advanced-RxSwift-checkManifestLockResult.txt",
			);
			runOnlyForDeploymentPostprocessing = 0;
			shellPath = /bin/sh;
			shellScript = "diff \"${PODS_PODFILE_DIR_PATH}/Podfile.lock\" \"${PODS_ROOT}/Manifest.lock\" > /dev/null\nif [ $? != 0 ] ; then\n    # print error to STDERR\n    echo \"error: The sandbox is not in sync with the Podfile.lock. Run 'pod install' or update your CocoaPods installation.\" >&2\n    exit 1\nfi\n# This output is used by Xcode 'outputs' to avoid re-running this script phase.\necho \"SUCCESS\" > \"${SCRIPT_OUTPUT_FILE_0}\"\n";
			showEnvVarsInLog = 0;
		};
/* End PBXShellScriptBuildPhase section */

/* Begin PBXSourcesBuildPhase section */
		ED500476274FB6D600A78B10 /* Sources */ = {
			isa = PBXSourcesBuildPhase;
			buildActionMask = 2147483647;
			files = (
				ED50049A274FB87900A78B10 /* Appearance.swift in Sources */,
				ED500482274FB6D600A78B10 /* ViewController.swift in Sources */,
				ED500498274FB81C00A78B10 /* Colors.swift in Sources */,
				ED50049E274FBFC100A78B10 /* MKMapView+Rx.swift in Sources */,
				ED5004A0274FC20400A78B10 /* APIController.swift in Sources */,
				ED50047E274FB6D600A78B10 /* AppDelegate.swift in Sources */,
				ED500480274FB6D600A78B10 /* SceneDelegate.swift in Sources */,
				ED50049C274FBE5B00A78B10 /* CLLocationManager+Rx.swift in Sources */,
			);
			runOnlyForDeploymentPostprocessing = 0;
		};
/* End PBXSourcesBuildPhase section */

/* Begin PBXVariantGroup section */
		ED500483274FB6D600A78B10 /* Main.storyboard */ = {
			isa = PBXVariantGroup;
			children = (
				ED500484274FB6D600A78B10 /* Base */,
			);
			name = Main.storyboard;
			sourceTree = "<group>";
		};
		ED500488274FB6D800A78B10 /* LaunchScreen.storyboard */ = {
			isa = PBXVariantGroup;
			children = (
				ED500489274FB6D800A78B10 /* Base */,
			);
			name = LaunchScreen.storyboard;
			sourceTree = "<group>";
		};
/* End PBXVariantGroup section */

/* Begin XCBuildConfiguration section */
		ED50048C274FB6D800A78B10 /* Debug */ = {
			isa = XCBuildConfiguration;
			buildSettings = {
				ALWAYS_SEARCH_USER_PATHS = NO;
				CLANG_ANALYZER_NONNULL = YES;
				CLANG_ANALYZER_NUMBER_OBJECT_CONVERSION = YES_AGGRESSIVE;
				CLANG_CXX_LANGUAGE_STANDARD = "gnu++17";
				CLANG_CXX_LIBRARY = "libc++";
				CLANG_ENABLE_MODULES = YES;
				CLANG_ENABLE_OBJC_ARC = YES;
				CLANG_ENABLE_OBJC_WEAK = YES;
				CLANG_WARN_BLOCK_CAPTURE_AUTORELEASING = YES;
				CLANG_WARN_BOOL_CONVERSION = YES;
				CLANG_WARN_COMMA = YES;
				CLANG_WARN_CONSTANT_CONVERSION = YES;
				CLANG_WARN_DEPRECATED_OBJC_IMPLEMENTATIONS = YES;
				CLANG_WARN_DIRECT_OBJC_ISA_USAGE = YES_ERROR;
				CLANG_WARN_DOCUMENTATION_COMMENTS = YES;
				CLANG_WARN_EMPTY_BODY = YES;
				CLANG_WARN_ENUM_CONVERSION = YES;
				CLANG_WARN_INFINITE_RECURSION = YES;
				CLANG_WARN_INT_CONVERSION = YES;
				CLANG_WARN_NON_LITERAL_NULL_CONVERSION = YES;
				CLANG_WARN_OBJC_IMPLICIT_RETAIN_SELF = YES;
				CLANG_WARN_OBJC_LITERAL_CONVERSION = YES;
				CLANG_WARN_OBJC_ROOT_CLASS = YES_ERROR;
				CLANG_WARN_QUOTED_INCLUDE_IN_FRAMEWORK_HEADER = YES;
				CLANG_WARN_RANGE_LOOP_ANALYSIS = YES;
				CLANG_WARN_STRICT_PROTOTYPES = YES;
				CLANG_WARN_SUSPICIOUS_MOVE = YES;
				CLANG_WARN_UNGUARDED_AVAILABILITY = YES_AGGRESSIVE;
				CLANG_WARN_UNREACHABLE_CODE = YES;
				CLANG_WARN__DUPLICATE_METHOD_MATCH = YES;
				COPY_PHASE_STRIP = NO;
				DEBUG_INFORMATION_FORMAT = dwarf;
				ENABLE_STRICT_OBJC_MSGSEND = YES;
				ENABLE_TESTABILITY = YES;
				GCC_C_LANGUAGE_STANDARD = gnu11;
				GCC_DYNAMIC_NO_PIC = NO;
				GCC_NO_COMMON_BLOCKS = YES;
				GCC_OPTIMIZATION_LEVEL = 0;
				GCC_PREPROCESSOR_DEFINITIONS = (
					"DEBUG=1",
					"$(inherited)",
				);
				GCC_WARN_64_TO_32_BIT_CONVERSION = YES;
				GCC_WARN_ABOUT_RETURN_TYPE = YES_ERROR;
				GCC_WARN_UNDECLARED_SELECTOR = YES;
				GCC_WARN_UNINITIALIZED_AUTOS = YES_AGGRESSIVE;
				GCC_WARN_UNUSED_FUNCTION = YES;
				GCC_WARN_UNUSED_VARIABLE = YES;
				IPHONEOS_DEPLOYMENT_TARGET = 15.0;
				MTL_ENABLE_DEBUG_INFO = INCLUDE_SOURCE;
				MTL_FAST_MATH = YES;
				ONLY_ACTIVE_ARCH = YES;
				SDKROOT = iphoneos;
				SWIFT_ACTIVE_COMPILATION_CONDITIONS = DEBUG;
				SWIFT_OPTIMIZATION_LEVEL = "-Onone";
			};
			name = Debug;
		};
		ED50048D274FB6D800A78B10 /* Release */ = {
			isa = XCBuildConfiguration;
			buildSettings = {
				ALWAYS_SEARCH_USER_PATHS = NO;
				CLANG_ANALYZER_NONNULL = YES;
				CLANG_ANALYZER_NUMBER_OBJECT_CONVERSION = YES_AGGRESSIVE;
				CLANG_CXX_LANGUAGE_STANDARD = "gnu++17";
				CLANG_CXX_LIBRARY = "libc++";
				CLANG_ENABLE_MODULES = YES;
				CLANG_ENABLE_OBJC_ARC = YES;
				CLANG_ENABLE_OBJC_WEAK = YES;
				CLANG_WARN_BLOCK_CAPTURE_AUTORELEASING = YES;
				CLANG_WARN_BOOL_CONVERSION = YES;
				CLANG_WARN_COMMA = YES;
				CLANG_WARN_CONSTANT_CONVERSION = YES;
				CLANG_WARN_DEPRECATED_OBJC_IMPLEMENTATIONS = YES;
				CLANG_WARN_DIRECT_OBJC_ISA_USAGE = YES_ERROR;
				CLANG_WARN_DOCUMENTATION_COMMENTS = YES;
				CLANG_WARN_EMPTY_BODY = YES;
				CLANG_WARN_ENUM_CONVERSION = YES;
				CLANG_WARN_INFINITE_RECURSION = YES;
				CLANG_WARN_INT_CONVERSION = YES;
				CLANG_WARN_NON_LITERAL_NULL_CONVERSION = YES;
				CLANG_WARN_OBJC_IMPLICIT_RETAIN_SELF = YES;
				CLANG_WARN_OBJC_LITERAL_CONVERSION = YES;
				CLANG_WARN_OBJC_ROOT_CLASS = YES_ERROR;
				CLANG_WARN_QUOTED_INCLUDE_IN_FRAMEWORK_HEADER = YES;
				CLANG_WARN_RANGE_LOOP_ANALYSIS = YES;
				CLANG_WARN_STRICT_PROTOTYPES = YES;
				CLANG_WARN_SUSPICIOUS_MOVE = YES;
				CLANG_WARN_UNGUARDED_AVAILABILITY = YES_AGGRESSIVE;
				CLANG_WARN_UNREACHABLE_CODE = YES;
				CLANG_WARN__DUPLICATE_METHOD_MATCH = YES;
				COPY_PHASE_STRIP = NO;
				DEBUG_INFORMATION_FORMAT = "dwarf-with-dsym";
				ENABLE_NS_ASSERTIONS = NO;
				ENABLE_STRICT_OBJC_MSGSEND = YES;
				GCC_C_LANGUAGE_STANDARD = gnu11;
				GCC_NO_COMMON_BLOCKS = YES;
				GCC_WARN_64_TO_32_BIT_CONVERSION = YES;
				GCC_WARN_ABOUT_RETURN_TYPE = YES_ERROR;
				GCC_WARN_UNDECLARED_SELECTOR = YES;
				GCC_WARN_UNINITIALIZED_AUTOS = YES_AGGRESSIVE;
				GCC_WARN_UNUSED_FUNCTION = YES;
				GCC_WARN_UNUSED_VARIABLE = YES;
				IPHONEOS_DEPLOYMENT_TARGET = 15.0;
				MTL_ENABLE_DEBUG_INFO = NO;
				MTL_FAST_MATH = YES;
				SDKROOT = iphoneos;
				SWIFT_COMPILATION_MODE = wholemodule;
				SWIFT_OPTIMIZATION_LEVEL = "-O";
				VALIDATE_PRODUCT = YES;
			};
			name = Release;
		};
		ED50048F274FB6D800A78B10 /* Debug */ = {
			isa = XCBuildConfiguration;
			baseConfigurationReference = F15E1B61D53393401A048D14 /* Pods-Wundercast-Advanced-RxSwift.debug.xcconfig */;
			buildSettings = {
				ASSETCATALOG_COMPILER_APPICON_NAME = AppIcon;
				ASSETCATALOG_COMPILER_GLOBAL_ACCENT_COLOR_NAME = AccentColor;
				CODE_SIGN_STYLE = Automatic;
				CURRENT_PROJECT_VERSION = 1;
				GENERATE_INFOPLIST_FILE = YES;
				INFOPLIST_FILE = "Wundercast-Advanced-RxSwift/Info.plist";
				INFOPLIST_KEY_UIApplicationSupportsIndirectInputEvents = YES;
				INFOPLIST_KEY_UILaunchStoryboardName = LaunchScreen;
				INFOPLIST_KEY_UIMainStoryboardFile = Main;
				INFOPLIST_KEY_UISupportedInterfaceOrientations_iPad = "UIInterfaceOrientationPortrait UIInterfaceOrientationPortraitUpsideDown UIInterfaceOrientationLandscapeLeft UIInterfaceOrientationLandscapeRight";
				INFOPLIST_KEY_UISupportedInterfaceOrientations_iPhone = "UIInterfaceOrientationPortrait UIInterfaceOrientationLandscapeLeft UIInterfaceOrientationLandscapeRight";
				LD_RUNPATH_SEARCH_PATHS = (
					"$(inherited)",
					"@executable_path/Frameworks",
				);
				MARKETING_VERSION = 1.0;
				PRODUCT_BUNDLE_IDENTIFIER = "com.tiekle.Wundercast-Advanced-RxSwift";
				PRODUCT_NAME = "$(TARGET_NAME)";
				SWIFT_EMIT_LOC_STRINGS = YES;
				SWIFT_VERSION = 5.0;
				TARGETED_DEVICE_FAMILY = "1,2";
			};
			name = Debug;
		};
		ED500490274FB6D800A78B10 /* Release */ = {
			isa = XCBuildConfiguration;
			baseConfigurationReference = E5E08A21ADE1B3393BB0A932 /* Pods-Wundercast-Advanced-RxSwift.release.xcconfig */;
			buildSettings = {
				ASSETCATALOG_COMPILER_APPICON_NAME = AppIcon;
				ASSETCATALOG_COMPILER_GLOBAL_ACCENT_COLOR_NAME = AccentColor;
				CODE_SIGN_STYLE = Automatic;
				CURRENT_PROJECT_VERSION = 1;
				GENERATE_INFOPLIST_FILE = YES;
				INFOPLIST_FILE = "Wundercast-Advanced-RxSwift/Info.plist";
				INFOPLIST_KEY_UIApplicationSupportsIndirectInputEvents = YES;
				INFOPLIST_KEY_UILaunchStoryboardName = LaunchScreen;
				INFOPLIST_KEY_UIMainStoryboardFile = Main;
				INFOPLIST_KEY_UISupportedInterfaceOrientations_iPad = "UIInterfaceOrientationPortrait UIInterfaceOrientationPortraitUpsideDown UIInterfaceOrientationLandscapeLeft UIInterfaceOrientationLandscapeRight";
				INFOPLIST_KEY_UISupportedInterfaceOrientations_iPhone = "UIInterfaceOrientationPortrait UIInterfaceOrientationLandscapeLeft UIInterfaceOrientationLandscapeRight";
				LD_RUNPATH_SEARCH_PATHS = (
					"$(inherited)",
					"@executable_path/Frameworks",
				);
				MARKETING_VERSION = 1.0;
				PRODUCT_BUNDLE_IDENTIFIER = "com.tiekle.Wundercast-Advanced-RxSwift";
				PRODUCT_NAME = "$(TARGET_NAME)";
				SWIFT_EMIT_LOC_STRINGS = YES;
				SWIFT_VERSION = 5.0;
				TARGETED_DEVICE_FAMILY = "1,2";
			};
			name = Release;
		};
/* End XCBuildConfiguration section */

/* Begin XCConfigurationList section */
		ED500475274FB6D600A78B10 /* Build configuration list for PBXProject "Wundercast-Advanced-RxSwift" */ = {
			isa = XCConfigurationList;
			buildConfigurations = (
				ED50048C274FB6D800A78B10 /* Debug */,
				ED50048D274FB6D800A78B10 /* Release */,
			);
			defaultConfigurationIsVisible = 0;
			defaultConfigurationName = Release;
		};
		ED50048E274FB6D800A78B10 /* Build configuration list for PBXNativeTarget "Wundercast-Advanced-RxSwift" */ = {
			isa = XCConfigurationList;
			buildConfigurations = (
				ED50048F274FB6D800A78B10 /* Debug */,
				ED500490274FB6D800A78B10 /* Release */,
			);
			defaultConfigurationIsVisible = 0;
			defaultConfigurationName = Release;
		};
/* End XCConfigurationList section */
	};
	rootObject = ED500472274FB6D600A78B10 /* Project object */;
}
